
Microsoft Visual Studio Solution File, Format Version 12.00
# Visual Studio Version 16
VisualStudioVersion = 16.0.29806.167
MinimumVisualStudioVersion = 10.0.40219.1
Project("{9A19103F-16F7-4668-BE54-9A1E7A4F7556}") = "CrmApp", "CrmApp\CrmApp.csproj", "{7BD3AFC5-262B-4AEA-90FB-7F629A22B7E4}"
EndProject
Project("{9A19103F-16F7-4668-BE54-9A1E7A4F7556}") = "CRMApi", "CRMApi\CRMApi.csproj", "{F912AED8-A6B7-4CB2-9344-0F08AFD2ABA9}"
EndProject
Project("{FAE04EC0-301F-11D3-BF4B-00C04F79EFBC}") = "CrmMVC", "CrmMVC\CrmMVC.csproj", "{E299866E-E018-4615-8C8A-BDDD50512091}"
EndProject
Global
	GlobalSection(SolutionConfigurationPlatforms) = preSolution
		Debug|Any CPU = Debug|Any CPU
		Release|Any CPU = Release|Any CPU
	EndGlobalSection
	GlobalSection(ProjectConfigurationPlatforms) = postSolution
		{7BD3AFC5-262B-4AEA-90FB-7F629A22B7E4}.Debug|Any CPU.ActiveCfg = Debug|Any CPU
		{7BD3AFC5-262B-4AEA-90FB-7F629A22B7E4}.Debug|Any CPU.Build.0 = Debug|Any CPU
		{7BD3AFC5-262B-4AEA-90FB-7F629A22B7E4}.Release|Any CPU.ActiveCfg = Release|Any CPU
		{7BD3AFC5-262B-4AEA-90FB-7F629A22B7E4}.Release|Any CPU.Build.0 = Release|Any CPU
		{F912AED8-A6B7-4CB2-9344-0F08AFD2ABA9}.Debug|Any CPU.ActiveCfg = Debug|Any CPU
		{F912AED8-A6B7-4CB2-9344-0F08AFD2ABA9}.Debug|Any CPU.Build.0 = Debug|Any CPU
		{F912AED8-A6B7-4CB2-9344-0F08AFD2ABA9}.Release|Any CPU.ActiveCfg = Release|Any CPU
		{F912AED8-A6B7-4CB2-9344-0F08AFD2ABA9}.Release|Any CPU.Build.0 = Release|Any CPU
		{E299866E-E018-4615-8C8A-BDDD50512091}.Debug|Any CPU.ActiveCfg = Debug|Any CPU
		{E299866E-E018-4615-8C8A-BDDD50512091}.Debug|Any CPU.Build.0 = Debug|Any CPU
		{E299866E-E018-4615-8C8A-BDDD50512091}.Release|Any CPU.ActiveCfg = Release|Any CPU
		{E299866E-E018-4615-8C8A-BDDD50512091}.Release|Any CPU.Build.0 = Release|Any CPU
	EndGlobalSection
	GlobalSection(SolutionProperties) = preSolution
		HideSolutionNode = FALSE
	EndGlobalSection
	GlobalSection(ExtensibilityGlobals) = postSolution
		SolutionGuid = {F755D4F8-C932-416D-A0E8-9621B9FA0319}
	EndGlobalSection
EndGlobal
